
Microsoft Visual Studio Solution File, Format Version 12.00
# Visual Studio Version 17
VisualStudioVersion = 17.4.33403.182
MinimumVisualStudioVersion = 10.0.40219.1
Project("{FAE04EC0-301F-11D3-BF4B-00C04F79EFBC}") = "MVCMessageWall", "MVCMessageWall\MVCMessageWall.csproj", "{16259DA4-1E58-4E8F-91FB-78C124A6FEA3}"
EndProject
Global
	GlobalSection(SolutionConfigurationPlatforms) = preSolution
		Debug|Any CPU = Debug|Any CPU
		Release|Any CPU = Release|Any CPU
	EndGlobalSection
	GlobalSection(ProjectConfigurationPlatforms) = postSolution
		{16259DA4-1E58-4E8F-91FB-78C124A6FEA3}.Debug|Any CPU.ActiveCfg = Debug|Any CPU
		{16259DA4-1E58-4E8F-91FB-78C124A6FEA3}.Debug|Any CPU.Build.0 = Debug|Any CPU
		{16259DA4-1E58-4E8F-91FB-78C124A6FEA3}.Release|Any CPU.ActiveCfg = Release|Any CPU
		{16259DA4-1E58-4E8F-91FB-78C124A6FEA3}.Release|Any CPU.Build.0 = Release|Any CPU
	EndGlobalSection
	GlobalSection(SolutionProperties) = preSolution
		HideSolutionNode = FALSE
	EndGlobalSection
	GlobalSection(ExtensibilityGlobals) = postSolution
		SolutionGuid = {558EB172-A6AF-4240-B467-3D20E1E5B110}
	EndGlobalSection
EndGlobal
